
Microsoft Visual Studio Solution File, Format Version 12.00
# Visual Studio Version 17
VisualStudioVersion = 17.3.32804.467
MinimumVisualStudioVersion = 10.0.40219.1
Project("{FAE04EC0-301F-11D3-BF4B-00C04F79EFBC}") = "myFirstApi", "myFirstApi\myFirstApi.csproj", "{FBE2655A-25B5-4D4C-A4C9-C8087700EE1D}"
EndProject
Global
	GlobalSection(SolutionConfigurationPlatforms) = preSolution
		Debug|Any CPU = Debug|Any CPU
		Release|Any CPU = Release|Any CPU
	EndGlobalSection
	GlobalSection(ProjectConfigurationPlatforms) = postSolution
		{FBE2655A-25B5-4D4C-A4C9-C8087700EE1D}.Debug|Any CPU.ActiveCfg = Debug|Any CPU
		{FBE2655A-25B5-4D4C-A4C9-C8087700EE1D}.Debug|Any CPU.Build.0 = Debug|Any CPU
		{FBE2655A-25B5-4D4C-A4C9-C8087700EE1D}.Release|Any CPU.ActiveCfg = Release|Any CPU
		{FBE2655A-25B5-4D4C-A4C9-C8087700EE1D}.Release|Any CPU.Build.0 = Release|Any CPU
	EndGlobalSection
	GlobalSection(SolutionProperties) = preSolution
		HideSolutionNode = FALSE
	EndGlobalSection
	GlobalSection(ExtensibilityGlobals) = postSolution
		SolutionGuid = {67263EE3-597F-41CD-9E7C-F94ECC4F10A5}
	EndGlobalSection
EndGlobal
